
Microsoft Visual Studio Solution File, Format Version 12.00
# Visual Studio for Mac
Project("{FAE04EC0-301F-11D3-BF4B-00C04F79EFBC}") = "Assembly-CSharp", "Assembly-CSharp.csproj", "{16EDFE6F-7AAA-B52D-FB94-630230AA9497}"
EndProject
Project("{FAE04EC0-301F-11D3-BF4B-00C04F79EFBC}") = "Assembly-CSharp-Editor", "Assembly-CSharp-Editor.csproj", "{A4FF4B42-40E0-9BCE-6330-D5884F06A355}"
EndProject
Global
	GlobalSection(SolutionConfigurationPlatforms) = preSolution
		Debug|Any CPU = Debug|Any CPU
		Release|Any CPU = Release|Any CPU
	EndGlobalSection
	GlobalSection(ProjectConfigurationPlatforms) = postSolution
		{16EDFE6F-7AAA-B52D-FB94-630230AA9497}.Debug|Any CPU.ActiveCfg = Debug|Any CPU
		{16EDFE6F-7AAA-B52D-FB94-630230AA9497}.Debug|Any CPU.Build.0 = Debug|Any CPU
		{16EDFE6F-7AAA-B52D-FB94-630230AA9497}.Release|Any CPU.ActiveCfg = Release|Any CPU
		{16EDFE6F-7AAA-B52D-FB94-630230AA9497}.Release|Any CPU.Build.0 = Release|Any CPU
		{A4FF4B42-40E0-9BCE-6330-D5884F06A355}.Debug|Any CPU.ActiveCfg = Debug|Any CPU
		{A4FF4B42-40E0-9BCE-6330-D5884F06A355}.Debug|Any CPU.Build.0 = Debug|Any CPU
		{A4FF4B42-40E0-9BCE-6330-D5884F06A355}.Release|Any CPU.ActiveCfg = Release|Any CPU
		{A4FF4B42-40E0-9BCE-6330-D5884F06A355}.Release|Any CPU.Build.0 = Release|Any CPU
	EndGlobalSection
	GlobalSection(SolutionProperties) = preSolution
		HideSolutionNode = FALSE
	EndGlobalSection
EndGlobal
